{
    "_meta": {
        "hash": {
            "sha256": "ef686bdb45fe61ce754ebc1d803474bc5ab4edcdb858c97e20092ca0932e68ee"
        },
        "pipfile-spec": 6,
        "requires": {
            "python_version": "3.7"
        },
        "sources": [
            {
                "name": "pypi",
                "url": "https://pypi.org/simple",
                "verify_ssl": true
            }
        ]
    },
    "default": {
        "certifi": {
            "hashes": [
                "sha256:1d987a998c75633c40847cc966fcf5904906c920a7f17ef374f5aa4282abd304",
                "sha256:51fcb31174be6e6664c5f69e3e1691a2d72a1a12e90f872cbdb1567eb47b6519"
            ],
            "version": "==2020.4.5.1"
        },
        "cffi": {
            "hashes": [
                "sha256:001bf3242a1bb04d985d63e138230802c6c8d4db3668fb545fb5005ddf5bb5ff",
                "sha256:00789914be39dffba161cfc5be31b55775de5ba2235fe49aa28c148236c4e06b",
                "sha256:028a579fc9aed3af38f4892bdcc7390508adabc30c6af4a6e4f611b0c680e6ac",
                "sha256:14491a910663bf9f13ddf2bc8f60562d6bc5315c1f09c704937ef17293fb85b0",
                "sha256:1cae98a7054b5c9391eb3249b86e0e99ab1e02bb0cc0575da191aedadbdf4384",
                "sha256:2089ed025da3919d2e75a4d963d008330c96751127dd6f73c8dc0c65041b4c26",
                "sha256:2d384f4a127a15ba701207f7639d94106693b6cd64173d6c8988e2c25f3ac2b6",
                "sha256:337d448e5a725bba2d8293c48d9353fc68d0e9e4088d62a9571def317797522b",
                "sha256:399aed636c7d3749bbed55bc907c3288cb43c65c4389964ad5ff849b6370603e",
                "sha256:3b911c2dbd4f423b4c4fcca138cadde747abdb20d196c4a48708b8a2d32b16dd",
                "sha256:3d311bcc4a41408cf5854f06ef2c5cab88f9fded37a3b95936c9879c1640d4c2",
                "sha256:62ae9af2d069ea2698bf536dcfe1e4eed9090211dbaafeeedf5cb6c41b352f66",
                "sha256:66e41db66b47d0d8672d8ed2708ba91b2f2524ece3dee48b5dfb36be8c2f21dc",
                "sha256:675686925a9fb403edba0114db74e741d8181683dcf216be697d208857e04ca8",
                "sha256:7e63cbcf2429a8dbfe48dcc2322d5f2220b77b2e17b7ba023d6166d84655da55",
                "sha256:8a6c688fefb4e1cd56feb6c511984a6c4f7ec7d2a1ff31a10254f3c817054ae4",
                "sha256:8c0ffc886aea5df6a1762d0019e9cb05f825d0eec1f520c51be9d198701daee5",
                "sha256:95cd16d3dee553f882540c1ffe331d085c9e629499ceadfbda4d4fde635f4b7d",
                "sha256:99f748a7e71ff382613b4e1acc0ac83bf7ad167fb3802e35e90d9763daba4d78",
                "sha256:b8c78301cefcf5fd914aad35d3c04c2b21ce8629b5e4f4e45ae6812e461910fa",
                "sha256:c420917b188a5582a56d8b93bdd8e0f6eca08c84ff623a4c16e809152cd35793",
                "sha256:c43866529f2f06fe0edc6246eb4faa34f03fe88b64a0a9a942561c8e22f4b71f",
                "sha256:cab50b8c2250b46fe738c77dbd25ce017d5e6fb35d3407606e7a4180656a5a6a",
                "sha256:cef128cb4d5e0b3493f058f10ce32365972c554572ff821e175dbc6f8ff6924f",
                "sha256:cf16e3cf6c0a5fdd9bc10c21687e19d29ad1fe863372b5543deaec1039581a30",
                "sha256:e56c744aa6ff427a607763346e4170629caf7e48ead6921745986db3692f987f",
                "sha256:e577934fc5f8779c554639376beeaa5657d54349096ef24abe8c74c5d9c117c3",
                "sha256:f2b0fa0c01d8a0c7483afd9f31d7ecf2d71760ca24499c8697aeb5ca37dc090c"
            ],
            "version": "==1.14.0"
        },
        "chardet": {
            "hashes": [
                "sha256:84ab92ed1c4d4f16916e05906b6b75a6c0fb5db821cc65e70cbd64a3e2a5eaae",
                "sha256:fc323ffcaeaed0e0a02bf4d117757b98aed530d9ed4531e3e15460124c106691"
            ],
            "version": "==3.0.4"
        },
        "cryptography": {
            "hashes": [
                "sha256:091d31c42f444c6f519485ed528d8b451d1a0c7bf30e8ca583a0cac44b8a0df6",
                "sha256:18452582a3c85b96014b45686af264563e3e5d99d226589f057ace56196ec78b",
                "sha256:1dfa985f62b137909496e7fc182dac687206d8d089dd03eaeb28ae16eec8e7d5",
                "sha256:1e4014639d3d73fbc5ceff206049c5a9a849cefd106a49fa7aaaa25cc0ce35cf",
                "sha256:22e91636a51170df0ae4dcbd250d318fd28c9f491c4e50b625a49964b24fe46e",
                "sha256:3b3eba865ea2754738616f87292b7f29448aec342a7c720956f8083d252bf28b",
                "sha256:651448cd2e3a6bc2bb76c3663785133c40d5e1a8c1a9c5429e4354201c6024ae",
                "sha256:726086c17f94747cedbee6efa77e99ae170caebeb1116353c6cf0ab67ea6829b",
                "sha256:844a76bc04472e5135b909da6aed84360f522ff5dfa47f93e3dd2a0b84a89fa0",
                "sha256:88c881dd5a147e08d1bdcf2315c04972381d026cdb803325c03fe2b4a8ed858b",
                "sha256:96c080ae7118c10fcbe6229ab43eb8b090fccd31a09ef55f83f690d1ef619a1d",
                "sha256:a0c30272fb4ddda5f5ffc1089d7405b7a71b0b0f51993cb4e5dbb4590b2fc229",
                "sha256:bb1f0281887d89617b4c68e8db9a2c42b9efebf2702a3c5bf70599421a8623e3",
                "sha256:c447cf087cf2dbddc1add6987bbe2f767ed5317adb2d08af940db517dd704365",
                "sha256:c4fd17d92e9d55b84707f4fd09992081ba872d1a0c610c109c18e062e06a2e55",
                "sha256:d0d5aeaedd29be304848f1c5059074a740fa9f6f26b84c5b63e8b29e73dfc270",
                "sha256:daf54a4b07d67ad437ff239c8a4080cfd1cc7213df57d33c97de7b4738048d5e",
                "sha256:e993468c859d084d5579e2ebee101de8f5a27ce8e2159959b6673b418fd8c785",
                "sha256:f118a95c7480f5be0df8afeb9a11bd199aa20afab7a96bcf20409b411a3a85f0"
            ],
            "version": "==2.9.2"
        },
        "defusedxml": {
            "hashes": [
                "sha256:6687150770438374ab581bb7a1b327a847dd9c5749e396102de3fad4e8a3ef93",
                "sha256:f684034d135af4c6cbb949b8a4d2ed61634515257a67299e5f940fbaa34377f5"
            ],
            "markers": "python_version >= '3.0'",
            "version": "==0.6.0"
        },
        "diff-match-patch": {
            "hashes": [
                "sha256:a809a996d0f09b9bbd59e9bbd0b71eed8c807922512910e05cbd3f9480712ddb"
            ],
            "version": "==20181111"
        },
        "django": {
            "hashes": [
                "sha256:1226168be1b1c7efd0e66ee79b0e0b58b2caa7ed87717909cd8a57bb13a7079a",
                "sha256:9a4635813e2d498a3c01b10c701fe4a515d76dd290aaa792ccb65ca4ccb6b038"
            ],
            "index": "pypi",
            "version": "==2.2.10"
        },
        "django-crispy-forms": {
            "hashes": [
                "sha256:5952bab971110d0b86c278132dae0aa095beee8f723e625c3d3fa28888f1675f",
                "sha256:705ededc554ad8736157c666681165fe22ead2dec0d5446d65fc9dd976a5a876"
            ],
            "index": "pypi",
            "version": "==1.7.2"
        },
        "django-export-download": {
            "hashes": [
                "sha256:decc0c7e180c152e1739bf15ae4f13c5422d3cd5ed9c014f0536b39a94f99990"
            ],
            "index": "pypi",
            "version": "==0.2.3"
        },
        "django-filter": {
            "hashes": [
                "sha256:558c727bce3ffa89c4a7a0b13bc8976745d63e5fd576b3a9a851650ef11c401b",
                "sha256:c3deb57f0dd7ff94d7dce52a047516822013e2b441bed472b722a317658cfd14"
            ],
            "index": "pypi",
            "version": "==2.2.0"
        },
        "django-import-export": {
            "hashes": [
                "sha256:28784ba1754850059f3612c1b233c87f4c8658e01870c22e9d9d66ae7af1f41e"
            ],
            "index": "pypi",
            "version": "==2.1.0"
        },
        "django-simple-email-confirmation": {
            "hashes": [
                "sha256:2f34e38eaeff231e995319b0f84a676693a9dfea1ef9db78079eaac39540b812",
                "sha256:9d6fa1dd7f11e6b36bdd7fbc8078efcff3d2b5017f6a7fa259623813e94667d2"
            ],
            "index": "pypi",
            "version": "==0.70"
        },
        "django-tables2": {
            "hashes": [
                "sha256:28da782f81f046c7d921246f43e7ba2df430cafe5a0e00a0f9dadef25a0e487d",
                "sha256:7e425ad51e22caf5470351981f0fcd4fd35d4cf2d4c3b76fa1b7bf56251778d1"
            ],
            "index": "pypi",
            "version": "==2.3.1"
        },
        "django-widget-tweaks": {
            "hashes": [
                "sha256:9f91ca4217199b7671971d3c1f323a2bec71a0c27dec6260b3c006fa541bc489",
                "sha256:f80bff4a8a59b278bb277a405a76a8b9a884e4bae7a6c70e78a39c626cd1c836"
            ],
            "index": "pypi",
            "version": "==1.4.8"
        },
        "ecdsa": {
            "hashes": [
                "sha256:867ec9cf6df0b03addc8ef66b56359643cb5d0c1dc329df76ba7ecfe256c8061",
                "sha256:8f12ac317f8a1318efa75757ef0a651abe12e51fc1af8838fb91079445227277"
            ],
            "version": "==0.15"
        },
        "et-xmlfile": {
            "hashes": [
                "sha256:614d9722d572f6246302c4491846d2c393c199cfa4edc9af593437691683335b"
            ],
            "version": "==1.0.1"
        },
        "google-api-python-client": {
            "hashes": [
                "sha256:441d638e5fff7d9f97587aa99387efd0ee13f577c9d4d50820dfda4bb80d0e64",
                "sha256:bb1f27740f6596f8272a2e1033d93d68e27e8ed5d22d6ab957e3f1d3f8ce05f6"
            ],
            "index": "pypi",
            "version": "==1.6.4"
        },
        "gunicorn": {
            "hashes": [
                "sha256:aa8e0b40b4157b36a5df5e599f45c9c76d6af43845ba3b3b0efe2c70473c2471",
                "sha256:fa2662097c66f920f53f70621c6c58ca4a3c4d3434205e608e121b5b3b71f4f3"
            ],
            "index": "pypi",
            "version": "==19.9.0"
        },
        "httplib2": {
            "hashes": [
                "sha256:4f6988e6399a2546b525a037d56da34aed4d149bbdc0e78523018d5606c26e74",
                "sha256:b0e1f3ed76c97380fe2485bc47f25235453b40ef33ca5921bb2897e257a49c4c"
            ],
            "index": "pypi",
            "version": "==0.18.0"
        },
        "idna": {
            "hashes": [
                "sha256:7588d1c14ae4c77d74036e8c22ff447b26d0fde8f007354fd48a7814db15b7cb",
                "sha256:a068a21ceac8a4d63dbfd964670474107f541babbd2250d61922f029858365fa"
            ],
            "version": "==2.9"
        },
        "jdcal": {
            "hashes": [
                "sha256:1abf1305fce18b4e8aa248cf8fe0c56ce2032392bc64bbd61b5dff2a19ec8bba",
                "sha256:472872e096eb8df219c23f2689fc336668bdb43d194094b5cc1707e1640acfc8"
            ],
            "version": "==1.4.1"
        },
        "jsonpickle": {
            "hashes": [
                "sha256:545b3bee0d65e1abb4baa1818edcc9ec239aa9f2ffbfde8084d71c056180054f"
            ],
            "index": "pypi",
            "version": "==0.9.6"
        },
        "markuppy": {
            "hashes": [
                "sha256:1adee2c0a542af378fe84548ff6f6b0168f3cb7f426b46961038a2bcfaad0d5f"
            ],
            "version": "==1.14"
        },
        "oauth2client": {
            "hashes": [
                "sha256:bd3062c06f8b10c6ef7a890b22c2740e5f87d61b6e1f4b1c90d069cdfc9dadb5",
                "sha256:cf061f52f75e91d489bf5c276498f8af2655fe331b454f10022441513cf445a6"
            ],
            "index": "pypi",
            "version": "==4.1.2"
        },
        "oauthlib": {
            "hashes": [
                "sha256:bee41cc35fcca6e988463cacc3bcb8a96224f470ca547e697b604cc697b2f889",
                "sha256:df884cd6cbe20e32633f1db1072e9356f53638e4361bef4e8b03c9127c9328ea"
            ],
            "version": "==3.1.0"
        },
        "odfpy": {
            "hashes": [
                "sha256:db766a6e59c5103212f3cc92ec8dd50a0f3a02790233ed0b52148b70d3c438ec"
            ],
            "version": "==1.4.1"
        },
        "openpyxl": {
            "hashes": [
                "sha256:547a9fc6aafcf44abe358b89ed4438d077e9d92e4f182c87e2dc294186dc4b64"
            ],
            "version": "==3.0.3"
        },
        "pillow": {
            "hashes": [
                "sha256:00e0bbe9923adc5cc38a8da7d87d4ce16cde53b8d3bba8886cb928e84522d963",
                "sha256:03457e439d073770d88afdd90318382084732a5b98b0eb6f49454746dbaae701",
                "sha256:0d5c99f80068f13231ac206bd9b2e80ea357f5cf9ae0fa97fab21e32d5b61065",
                "sha256:1a3bc8e1db5af40a81535a62a591fafdb30a8a1b319798ea8052aa65ef8f06d2",
                "sha256:2b4a94be53dff02af90760c10a2e3634c3c7703410f38c98154d5ce71fe63d20",
                "sha256:3ba7d8f1d962780f86aa747fef0baf3211b80cb13310fff0c375da879c0656d4",
                "sha256:3e81485cec47c24f5fb27acb485a4fc97376b2b332ed633867dc68ac3077998c",
                "sha256:43ef1cff7ee57f9c8c8e6fa02a62eae9fa23a7e34418c7ce88c0e3fe09d1fb38",
                "sha256:4adc3302df4faf77c63ab3a83e1a3e34b94a6a992084f4aa1cb236d1deaf4b39",
                "sha256:535e8e0e02c9f1fc2e307256149d6ee8ad3aa9a6e24144b7b6e6fb6126cb0e99",
                "sha256:5ccfcb0a34ad9b77ad247c231edb781763198f405a5c8dc1b642449af821fb7f",
                "sha256:5dcbbaa3a24d091a64560d3c439a8962866a79a033d40eb1a75f1b3413bfc2bc",
                "sha256:6e2a7e74d1a626b817ecb7a28c433b471a395c010b2a1f511f976e9ea4363e64",
                "sha256:82859575005408af81b3e9171ae326ff56a69af5439d3fc20e8cb76cd51c8246",
                "sha256:834dd023b7f987d6b700ad93dc818098d7eb046bd445e9992b3093c6f9d7a95f",
                "sha256:87ef0eca169f7f0bc050b22f05c7e174a65c36d584428431e802c0165c5856ea",
                "sha256:900de1fdc93764be13f6b39dc0dd0207d9ff441d87ad7c6e97e49b81987dc0f3",
                "sha256:92b83b380f9181cacc994f4c983d95a9c8b00b50bf786c66d235716b526a3332",
                "sha256:aa1b0297e352007ec781a33f026afbb062a9a9895bb103c8f49af434b1666880",
                "sha256:aa4792ab056f51b49e7d59ce5733155e10a918baf8ce50f64405db23d5627fa2",
                "sha256:b72c39585f1837d946bd1a829a4820ccf86e361f28cbf60f5d646f06318b61e2",
                "sha256:bb7861e4618a0c06c40a2e509c1bea207eea5fd4320d486e314e00745a402ca5",
                "sha256:bc149dab804291a18e1186536519e5e122a2ac1316cb80f506e855a500b1cdd4",
                "sha256:c424d35a5259be559b64490d0fd9e03fba81f1ce8e5b66e0a59de97547351d80",
                "sha256:cbd5647097dc55e501f459dbac7f1d0402225636deeb9e0a98a8d2df649fc19d",
                "sha256:ccf16fe444cc43800eeacd4f4769971200982200a71b1368f49410d0eb769543",
                "sha256:d3a98444a00b4643b22b0685dbf9e0ddcaf4ebfd4ea23f84f228adf5a0765bb2",
                "sha256:d6b4dc325170bee04ca8292bbd556c6f5398d52c6149ca881e67daf62215426f",
                "sha256:db9ff0c251ed066d367f53b64827cc9e18ccea001b986d08c265e53625dab950",
                "sha256:e3a797a079ce289e59dbd7eac9ca3bf682d52687f718686857281475b7ca8e6a"
            ],
            "index": "pypi",
            "version": "==6.2.2"
        },
        "pyasn1": {
            "hashes": [
                "sha256:39c7e2ec30515947ff4e87fb6f456dfc6e84857d34be479c9d4a4ba4bf46aa5d",
                "sha256:aef77c9fb94a3ac588e87841208bdec464471d9871bd5050a287cc9a475cd0ba"
            ],
            "version": "==0.4.8"
        },
        "pyasn1-modules": {
            "hashes": [
                "sha256:905f84c712230b2c592c19470d3ca8d552de726050d1d1716282a1f6146be65e",
                "sha256:a50b808ffeb97cb3601dd25981f6b016cbb3d31fbf57a8b8a87428e6158d0c74"
            ],
            "version": "==0.2.8"
        },
        "pycparser": {
            "hashes": [
                "sha256:2d475327684562c3a96cc71adf7dc8c4f0565175cf86b6d7a404ff4c771f15f0",
                "sha256:7582ad22678f0fcd81102833f60ef8d0e57288b6b5fb00323d101be910e35705"
            ],
            "version": "==2.20"
        },
        "pyjwt": {
            "hashes": [
                "sha256:5c6eca3c2940464d106b99ba83b00c6add741c9becaec087fb7ccdefea71350e",
                "sha256:8d59a976fb773f3e6a39c85636357c4f0e242707394cadadd9814f5cbaa20e96"
            ],
            "version": "==1.7.1"
        },
        "python-jose": {
            "hashes": [
                "sha256:1ac4caf4bfebd5a70cf5bd82702ed850db69b0b6e1d0ae7368e5f99ac01c9571",
                "sha256:8484b7fdb6962e9d242cce7680469ecf92bda95d10bbcbbeb560cacdff3abfce"
            ],
            "index": "pypi",
            "version": "==3.1.0"
        },
        "python-social-auth": {
            "hashes": [
                "sha256:6986220df76934aee15c54938a13ebe370a1976e043af01fa3bea417f6722e74",
                "sha256:8aac8531f7dd4d1b9af606654532fef4f615cb437774a7a1f8dcdebe89c17664",
                "sha256:9aaad6f7bf83fd129620eadaab1e78e63200da61a5d8898fd1aa243686b36575"
            ],
            "index": "pypi",
            "version": "==0.3.6"
        },
        "python3-openid": {
            "hashes": [
                "sha256:0086da6b6ef3161cfe50fb1ee5cceaf2cda1700019fda03c2c5c440ca6abe4fa",
                "sha256:628d365d687e12da12d02c6691170f4451db28d6d68d050007e4a40065868502"
            ],
            "markers": "python_version >= '3.0'",
            "version": "==3.1.0"
        },
        "pytz": {
            "hashes": [
                "sha256:a494d53b6d39c3c6e44c3bec237336e14305e4f29bbf800b599253057fbb79ed",
                "sha256:c35965d010ce31b23eeb663ed3cc8c906275d6be1a34393a1d73a41febf4a048"
            ],
            "version": "==2020.1"
        },
        "pyyaml": {
            "hashes": [
                "sha256:06a0d7ba600ce0b2d2fe2e78453a470b5a6e000a985dd4a4e54e436cc36b0e97",
                "sha256:240097ff019d7c70a4922b6869d8a86407758333f02203e0fc6ff79c5dcede76",
                "sha256:4f4b913ca1a7319b33cfb1369e91e50354d6f07a135f3b901aca02aa95940bd2",
                "sha256:69f00dca373f240f842b2931fb2c7e14ddbacd1397d57157a9b005a6a9942648",
                "sha256:73f099454b799e05e5ab51423c7bcf361c58d3206fa7b0d555426b1f4d9a3eaf",
                "sha256:74809a57b329d6cc0fdccee6318f44b9b8649961fa73144a98735b0aaf029f1f",
                "sha256:7739fc0fa8205b3ee8808aea45e968bc90082c10aef6ea95e855e10abf4a37b2",
                "sha256:95f71d2af0ff4227885f7a6605c37fd53d3a106fcab511b8860ecca9fcf400ee",
                "sha256:b8eac752c5e14d3eca0e6dd9199cd627518cb5ec06add0de9d32baeee6fe645d",
                "sha256:cc8955cfbfc7a115fa81d85284ee61147059a753344bc51098f3ccd69b0d7e0c",
                "sha256:d13155f591e6fcc1ec3b30685d50bf0711574e2c0dfffd7644babf8b5102ca1a"
            ],
            "version": "==5.3.1"
        },
        "requests": {
            "hashes": [
                "sha256:43999036bfa82904b6af1d99e4882b560e5e2c68e5c4b0aa03b655f3d7d73fee",
                "sha256:b3f43d496c6daba4493e7c431722aeb7dbc6288f52a6e04e7b6023b0247817e6"
            ],
            "version": "==2.23.0"
        },
        "requests-oauthlib": {
            "hashes": [
                "sha256:7f71572defaecd16372f9006f33c2ec8c077c3cfa6f5911a9a90202beb513f3d",
                "sha256:b4261601a71fd721a8bd6d7aa1cc1d6a8a93b4a9f5e96626f8e4d91e8beeaa6a"
            ],
            "version": "==1.3.0"
        },
        "rsa": {
            "hashes": [
                "sha256:14ba45700ff1ec9eeb206a2ce76b32814958a98e372006c8fb76ba820211be66",
                "sha256:1a836406405730121ae9823e19c6e806c62bbad73f890574fff50efa4122c487"
            ],
            "version": "==4.0"
        },
        "six": {
            "hashes": [
                "sha256:236bdbdce46e6e6a3d61a337c0f8b763ca1e8717c03b369e87a7ec7ce1319c0a",
                "sha256:8f3cd2e254d8f793e7f3d6d9df77b92252b52637291d0f0da013c76ea2724b6c"
            ],
            "version": "==1.14.0"
        },
        "social-auth-app-django": {
            "hashes": [
                "sha256:6d0dd18c2d9e71ca545097d57b44d26f59e624a12833078e8e52f91baf849778",
                "sha256:9237e3d7b6f6f59494c3b02e0cce6efc69c9d33ad9d1a064e3b2318bcbe89ae3",
                "sha256:f151396e5b16e2eee12cd2e211004257826ece24fc4ae97a147df386c1cd7082"
            ],
            "index": "pypi",
            "version": "==3.1.0"
        },
        "social-auth-core": {
            "hashes": [
                "sha256:21c0639c56befd33ec162c2210d583bb1de8e1136d53b21bafb96afaf2f86c91",
                "sha256:2f6ce1af8ec2b2cc37b86d647f7d4e4292f091ee556941db34b1e0e2dee77fc0",
                "sha256:4a3cdf69c449b235cdabd54a1be7ba3722611297e69fded52e3584b1a990af25"
            ],
            "version": "==3.3.3"
        },
        "sqlparse": {
            "hashes": [
                "sha256:022fb9c87b524d1f7862b3037e541f68597a730a8843245c349fc93e1643dc4e",
                "sha256:e162203737712307dfe78860cc56c8da8a852ab2ee33750e33aeadf38d12c548"
            ],
            "version": "==0.3.1"
        },
        "tablib": {
            "extras": [
                "html",
                "ods",
                "xls",
                "xlsx",
                "yaml"
            ],
            "hashes": [
                "sha256:8cc2fa10bc37219ac5e76850eb7fbd50de313c7a1a7895c44af2a8dd206b7be7",
                "sha256:c5a77c96ad306d5b380def1309d521ad5e98b4f83726f84857ad87e142d13279"
            ],
            "version": "==2.0.0"
        },
        "uritemplate": {
            "hashes": [
                "sha256:07620c3f3f8eed1f12600845892b0e036a2420acf513c53f7de0abd911a5894f",
                "sha256:5af8ad10cec94f215e3f48112de2022e1d5a37ed427fbd88652fa908f2ab7cae"
            ],
            "version": "==3.0.1"
        },
        "urllib3": {
            "hashes": [
                "sha256:3018294ebefce6572a474f0604c2021e33b3fd8006ecd11d62107a5d2a963527",
                "sha256:88206b0eb87e6d677d424843ac5209e3fb9d0190d0ee169599165ec25e9d9115"
            ],
            "version": "==1.25.9"
        },
        "whitenoise": {
            "hashes": [
                "sha256:15f43b2e701821b95c9016cf469d29e2a546cb1c7dead584ba82c36f843995cf",
                "sha256:9d81515f2b5b27051910996e1e860b1332e354d9e7bcf30c98f21dcb6713e0dd"
            ],
            "index": "pypi",
            "version": "==3.3.1"
        },
        "xlrd": {
            "hashes": [
                "sha256:546eb36cee8db40c3eaa46c351e67ffee6eeb5fa2650b71bc4c758a29a1b29b2",
                "sha256:e551fb498759fa3a5384a94ccd4c3c02eb7c00ea424426e212ac0c57be9dfbde"
            ],
            "version": "==1.2.0"
        },
        "xlwt": {
            "hashes": [
                "sha256:a082260524678ba48a297d922cc385f58278b8aa68741596a87de01a9c628b2e",
                "sha256:c59912717a9b28f1a3c2a98fd60741014b06b043936dcecbc113eaaada156c88"
            ],
            "version": "==1.3.0"
        }
    },
    "develop": {}
}
